
Microsoft Visual Studio Solution File, Format Version 12.00
# Visual Studio Version 17
VisualStudioVersion = 17.14.36705.20 d17.14
MinimumVisualStudioVersion = 10.0.40219.1
Project("{FAE04EC0-301F-11D3-BF4B-00C04F79EFBC}") = "Crm.Webhook.Api", "Crm.Webhook.Api\Crm.Webhook.Api.csproj", "{2CB24B2D-B617-4A73-A8A3-B45897D1534B}"
EndProject
Project("{FAE04EC0-301F-11D3-BF4B-00C04F79EFBC}") = "Crm.Webhook.Core", "Crm.Webhook.Core\Crm.Webhook.Core.csproj", "{6D3BA836-D1E0-4B99-8B5B-7B5596ABC6CE}"
EndProject
Global
	GlobalSection(SolutionConfigurationPlatforms) = preSolution
		Debug|Any CPU = Debug|Any CPU
		Release|Any CPU = Release|Any CPU
	EndGlobalSection
	GlobalSection(ProjectConfigurationPlatforms) = postSolution
		{2CB24B2D-B617-4A73-A8A3-B45897D1534B}.Debug|Any CPU.ActiveCfg = Debug|Any CPU
		{2CB24B2D-B617-4A73-A8A3-B45897D1534B}.Debug|Any CPU.Build.0 = Debug|Any CPU
		{2CB24B2D-B617-4A73-A8A3-B45897D1534B}.Release|Any CPU.ActiveCfg = Release|Any CPU
		{2CB24B2D-B617-4A73-A8A3-B45897D1534B}.Release|Any CPU.Build.0 = Release|Any CPU
		{6D3BA836-D1E0-4B99-8B5B-7B5596ABC6CE}.Debug|Any CPU.ActiveCfg = Debug|Any CPU
		{6D3BA836-D1E0-4B99-8B5B-7B5596ABC6CE}.Debug|Any CPU.Build.0 = Debug|Any CPU
		{6D3BA836-D1E0-4B99-8B5B-7B5596ABC6CE}.Release|Any CPU.ActiveCfg = Release|Any CPU
		{6D3BA836-D1E0-4B99-8B5B-7B5596ABC6CE}.Release|Any CPU.Build.0 = Release|Any CPU
	EndGlobalSection
	GlobalSection(SolutionProperties) = preSolution
		HideSolutionNode = FALSE
	EndGlobalSection
	GlobalSection(ExtensibilityGlobals) = postSolution
		SolutionGuid = {ABC4CEA4-9197-4829-893B-AFA7C97DA5F7}
	EndGlobalSection
EndGlobal
